schema: '2.0'
stages:
  train:
    cmd: python src\models\train_model.py
    deps:
    - path: src\models\train_model.py
      hash: md5
      md5: 3aa427a5c8c2d6e6dcf3786828619504
      size: 616
    params:
      params.yaml:
        train:
          epochs: 6
          n_estimators: 5
          max_depth: 6
